
Microsoft Visual Studio Solution File, Format Version 12.00
# Visual Studio Version 16
VisualStudioVersion = 16.0.31729.503
MinimumVisualStudioVersion = 10.0.40219.1
Project("{FAE04EC0-301F-11D3-BF4B-00C04F79EFBC}") = "pole2", "pole2\pole2.csproj", "{B255A543-5943-42F3-B674-B8313DFDFD1A}"
EndProject
Global
	GlobalSection(SolutionConfigurationPlatforms) = preSolution
		Debug|Any CPU = Debug|Any CPU
		Release|Any CPU = Release|Any CPU
	EndGlobalSection
	GlobalSection(ProjectConfigurationPlatforms) = postSolution
		{B255A543-5943-42F3-B674-B8313DFDFD1A}.Debug|Any CPU.ActiveCfg = Debug|Any CPU
		{B255A543-5943-42F3-B674-B8313DFDFD1A}.Debug|Any CPU.Build.0 = Debug|Any CPU
		{B255A543-5943-42F3-B674-B8313DFDFD1A}.Release|Any CPU.ActiveCfg = Release|Any CPU
		{B255A543-5943-42F3-B674-B8313DFDFD1A}.Release|Any CPU.Build.0 = Release|Any CPU
	EndGlobalSection
	GlobalSection(SolutionProperties) = preSolution
		HideSolutionNode = FALSE
	EndGlobalSection
	GlobalSection(ExtensibilityGlobals) = postSolution
		SolutionGuid = {BB9C383E-B86B-4BB7-9A7E-2A3EED36C836}
	EndGlobalSection
EndGlobal
